{
  "name": "arduz-pvp-server",
  "version": "1.0.0",
  "lockfileVersion": 1,
  "requires": true,
  "dependencies": {
    "arduz-sdk": {
      "version": "1.0.0-20200418231428.commit-9f80249",
      "resolved": "https://registry.npmjs.org/arduz-sdk/-/arduz-sdk-1.0.0-20200418231428.commit-9f80249.tgz",
      "integrity": "sha512-qeHz8VMrZzE1k0naSpbAE+MlBRASEtN/L0fOsaG2s2wJI58EUNbugkbsXE4YbmklwhB+2wA3Aq+EBTJAosC8WA=="
    },
    "buffer-from": {
      "version": "1.1.1",
      "resolved": "https://registry.npmjs.org/buffer-from/-/buffer-from-1.1.1.tgz",
      "integrity": "sha512-MQcXEUbCKtEo7bhqEs6560Hyd4XaovZlO/k9V3hjVUF/zwW7KBVdSK4gIt/bzwS9MbR5qob+F5jusZsb0YQK2A=="
    },
    "commander": {
      "version": "2.20.3",
      "resolved": "https://registry.npmjs.org/commander/-/commander-2.20.3.tgz",
      "integrity": "sha512-GpVkmM8vF2vQUkj2LvZmD35JxeJOLCwJ9cUkugyk2nuhbv3+mJvpLYYt+0+USMxE+oj+ey/lJEnhZw75x/OMcQ=="
    },
    "isolated-vm": {
      "version": "3.3.2",
      "resolved": "https://registry.npmjs.org/isolated-vm/-/isolated-vm-3.3.2.tgz",
      "integrity": "sha512-TAet1KHd6BMhjXe2IJLogrZ8pTqdE6BlEqPwbz0mRIBie7YF5LXgCTN6DehzzL6vg4Xn5QfU57Tecx9JuysyNA=="
    },
    "source-map": {
      "version": "0.6.1",
      "resolved": "https://registry.npmjs.org/source-map/-/source-map-0.6.1.tgz",
      "integrity": "sha512-UjgapumWlbMhkBgzT7Ykc5YXUT46F0iKu8SGXq0bcwP5dz/h0Plj6enJqjz1Zbq2l5WaqYnrVbwWOWMyF3F47g=="
    },
    "source-map-support": {
      "version": "0.5.16",
      "resolved": "https://registry.npmjs.org/source-map-support/-/source-map-support-0.5.16.tgz",
      "integrity": "sha512-efyLRJDr68D9hBBNIPWFjhpFzURh+KJykQwvMyW5UiZzYwoF6l4YMMDIJJEyFWxWCqfyxLzz6tSfUFR+kXXsVQ==",
      "requires": {
        "buffer-from": "^1.0.0",
        "source-map": "^0.6.0"
      }
    },
    "terser": {
      "version": "4.6.11",
      "resolved": "https://registry.npmjs.org/terser/-/terser-4.6.11.tgz",
      "integrity": "sha512-76Ynm7OXUG5xhOpblhytE7X58oeNSmC8xnNhjWVo8CksHit0U0kO4hfNbPrrYwowLWFgM2n9L176VNx2QaHmtA==",
      "requires": {
        "commander": "^2.20.0",
        "source-map": "~0.6.1",
        "source-map-support": "~0.5.12"
      }
    },
    "typescript": {
      "version": "3.8.3",
      "resolved": "https://registry.npmjs.org/typescript/-/typescript-3.8.3.tgz",
      "integrity": "sha512-MYlEfn5VrLNsgudQTVJeNaQFUAI7DkhnOjdpAp4T+ku1TfQClewlbSuTVHiA+8skNBgaf02TL/kLOvig4y3G8w=="
    },
    "ulla-builder": {
      "version": "1.0.0-20200418231948.commit-92a838f",
      "resolved": "https://registry.npmjs.org/ulla-builder/-/ulla-builder-1.0.0-20200418231948.commit-92a838f.tgz",
      "integrity": "sha512-tDTAIpCQ8mgApO9CwVMa6qvsmPcxu2mENYx7MA6t13qCuji3lSSzyqvRnZzJ+PZjY7wg6HgYTN+XaZ3ewp607A==",
      "requires": {
        "isolated-vm": "^3.3.0",
        "terser": "^4.6.10",
        "typescript": "^3.8.3"
      }
    }
  }
}
